
Microsoft Visual Studio Solution File, Format Version 12.00
# Visual Studio Version 16
VisualStudioVersion = 16.0.31424.327
MinimumVisualStudioVersion = 10.0.40219.1
Project("{FAE04EC0-301F-11D3-BF4B-00C04F79EFBC}") = "Contacts.Android", "Contacts.Android\Contacts.Android.csproj", "{7BF19825-7C98-491C-A073-B86D871A117E}"
EndProject
Project("{FAE04EC0-301F-11D3-BF4B-00C04F79EFBC}") = "Contacts.iOS", "Contacts.iOS\Contacts.iOS.csproj", "{C9C23731-D9B1-47A7-B215-27D0E4303DD2}"
EndProject
Project("{FAE04EC0-301F-11D3-BF4B-00C04F79EFBC}") = "Contacts", "Contacts\Contacts.csproj", "{724D2999-D08D-4CA8-B3FC-71998E5D8207}"
EndProject
Global
	GlobalSection(SolutionConfigurationPlatforms) = preSolution
		Debug|Any CPU = Debug|Any CPU
		Debug|iPhone = Debug|iPhone
		Debug|iPhoneSimulator = Debug|iPhoneSimulator
		Release|Any CPU = Release|Any CPU
		Release|iPhone = Release|iPhone
		Release|iPhoneSimulator = Release|iPhoneSimulator
	EndGlobalSection
	GlobalSection(ProjectConfigurationPlatforms) = postSolution
		{7BF19825-7C98-491C-A073-B86D871A117E}.Debug|Any CPU.ActiveCfg = Debug|Any CPU
		{7BF19825-7C98-491C-A073-B86D871A117E}.Debug|Any CPU.Build.0 = Debug|Any CPU
		{7BF19825-7C98-491C-A073-B86D871A117E}.Debug|Any CPU.Deploy.0 = Debug|Any CPU
		{7BF19825-7C98-491C-A073-B86D871A117E}.Debug|iPhone.ActiveCfg = Debug|Any CPU
		{7BF19825-7C98-491C-A073-B86D871A117E}.Debug|iPhone.Build.0 = Debug|Any CPU
		{7BF19825-7C98-491C-A073-B86D871A117E}.Debug|iPhone.Deploy.0 = Debug|Any CPU
		{7BF19825-7C98-491C-A073-B86D871A117E}.Debug|iPhoneSimulator.ActiveCfg = Debug|Any CPU
		{7BF19825-7C98-491C-A073-B86D871A117E}.Debug|iPhoneSimulator.Build.0 = Debug|Any CPU
		{7BF19825-7C98-491C-A073-B86D871A117E}.Debug|iPhoneSimulator.Deploy.0 = Debug|Any CPU
		{7BF19825-7C98-491C-A073-B86D871A117E}.Release|Any CPU.ActiveCfg = Release|Any CPU
		{7BF19825-7C98-491C-A073-B86D871A117E}.Release|Any CPU.Build.0 = Release|Any CPU
		{7BF19825-7C98-491C-A073-B86D871A117E}.Release|Any CPU.Deploy.0 = Release|Any CPU
		{7BF19825-7C98-491C-A073-B86D871A117E}.Release|iPhone.ActiveCfg = Release|Any CPU
		{7BF19825-7C98-491C-A073-B86D871A117E}.Release|iPhone.Build.0 = Release|Any CPU
		{7BF19825-7C98-491C-A073-B86D871A117E}.Release|iPhone.Deploy.0 = Release|Any CPU
		{7BF19825-7C98-491C-A073-B86D871A117E}.Release|iPhoneSimulator.ActiveCfg = Release|Any CPU
		{7BF19825-7C98-491C-A073-B86D871A117E}.Release|iPhoneSimulator.Build.0 = Release|Any CPU
		{7BF19825-7C98-491C-A073-B86D871A117E}.Release|iPhoneSimulator.Deploy.0 = Release|Any CPU
		{C9C23731-D9B1-47A7-B215-27D0E4303DD2}.Debug|Any CPU.ActiveCfg = Debug|iPhone
		{C9C23731-D9B1-47A7-B215-27D0E4303DD2}.Debug|Any CPU.Build.0 = Debug|iPhone
		{C9C23731-D9B1-47A7-B215-27D0E4303DD2}.Debug|Any CPU.Deploy.0 = Debug|iPhone
		{C9C23731-D9B1-47A7-B215-27D0E4303DD2}.Debug|iPhone.ActiveCfg = Debug|iPhone
		{C9C23731-D9B1-47A7-B215-27D0E4303DD2}.Debug|iPhone.Build.0 = Debug|iPhone
		{C9C23731-D9B1-47A7-B215-27D0E4303DD2}.Debug|iPhone.Deploy.0 = Debug|iPhone
		{C9C23731-D9B1-47A7-B215-27D0E4303DD2}.Debug|iPhoneSimulator.ActiveCfg = Debug|iPhoneSimulator
		{C9C23731-D9B1-47A7-B215-27D0E4303DD2}.Debug|iPhoneSimulator.Build.0 = Debug|iPhoneSimulator
		{C9C23731-D9B1-47A7-B215-27D0E4303DD2}.Debug|iPhoneSimulator.Deploy.0 = Debug|iPhoneSimulator
		{C9C23731-D9B1-47A7-B215-27D0E4303DD2}.Release|Any CPU.ActiveCfg = Release|iPhoneSimulator
		{C9C23731-D9B1-47A7-B215-27D0E4303DD2}.Release|Any CPU.Build.0 = Release|iPhoneSimulator
		{C9C23731-D9B1-47A7-B215-27D0E4303DD2}.Release|Any CPU.Deploy.0 = Release|iPhoneSimulator
		{C9C23731-D9B1-47A7-B215-27D0E4303DD2}.Release|iPhone.ActiveCfg = Release|iPhone
		{C9C23731-D9B1-47A7-B215-27D0E4303DD2}.Release|iPhone.Build.0 = Release|iPhone
		{C9C23731-D9B1-47A7-B215-27D0E4303DD2}.Release|iPhone.Deploy.0 = Release|iPhone
		{C9C23731-D9B1-47A7-B215-27D0E4303DD2}.Release|iPhoneSimulator.ActiveCfg = Release|iPhoneSimulator
		{C9C23731-D9B1-47A7-B215-27D0E4303DD2}.Release|iPhoneSimulator.Build.0 = Release|iPhoneSimulator
		{C9C23731-D9B1-47A7-B215-27D0E4303DD2}.Release|iPhoneSimulator.Deploy.0 = Release|iPhoneSimulator
		{724D2999-D08D-4CA8-B3FC-71998E5D8207}.Debug|Any CPU.ActiveCfg = Debug|Any CPU
		{724D2999-D08D-4CA8-B3FC-71998E5D8207}.Debug|Any CPU.Build.0 = Debug|Any CPU
		{724D2999-D08D-4CA8-B3FC-71998E5D8207}.Debug|Any CPU.Deploy.0 = Debug|Any CPU
		{724D2999-D08D-4CA8-B3FC-71998E5D8207}.Debug|iPhone.ActiveCfg = Debug|Any CPU
		{724D2999-D08D-4CA8-B3FC-71998E5D8207}.Debug|iPhone.Build.0 = Debug|Any CPU
		{724D2999-D08D-4CA8-B3FC-71998E5D8207}.Debug|iPhone.Deploy.0 = Debug|Any CPU
		{724D2999-D08D-4CA8-B3FC-71998E5D8207}.Debug|iPhoneSimulator.ActiveCfg = Debug|Any CPU
		{724D2999-D08D-4CA8-B3FC-71998E5D8207}.Debug|iPhoneSimulator.Build.0 = Debug|Any CPU
		{724D2999-D08D-4CA8-B3FC-71998E5D8207}.Debug|iPhoneSimulator.Deploy.0 = Debug|Any CPU
		{724D2999-D08D-4CA8-B3FC-71998E5D8207}.Release|Any CPU.ActiveCfg = Release|Any CPU
		{724D2999-D08D-4CA8-B3FC-71998E5D8207}.Release|Any CPU.Build.0 = Release|Any CPU
		{724D2999-D08D-4CA8-B3FC-71998E5D8207}.Release|Any CPU.Deploy.0 = Release|Any CPU
		{724D2999-D08D-4CA8-B3FC-71998E5D8207}.Release|iPhone.ActiveCfg = Release|Any CPU
		{724D2999-D08D-4CA8-B3FC-71998E5D8207}.Release|iPhone.Build.0 = Release|Any CPU
		{724D2999-D08D-4CA8-B3FC-71998E5D8207}.Release|iPhone.Deploy.0 = Release|Any CPU
		{724D2999-D08D-4CA8-B3FC-71998E5D8207}.Release|iPhoneSimulator.ActiveCfg = Release|Any CPU
		{724D2999-D08D-4CA8-B3FC-71998E5D8207}.Release|iPhoneSimulator.Build.0 = Release|Any CPU
		{724D2999-D08D-4CA8-B3FC-71998E5D8207}.Release|iPhoneSimulator.Deploy.0 = Release|Any CPU
	EndGlobalSection
	GlobalSection(SolutionProperties) = preSolution
		HideSolutionNode = FALSE
	EndGlobalSection
	GlobalSection(ExtensibilityGlobals) = postSolution
		SolutionGuid = {D096C8CD-0B5D-4E47-AC82-45232A741120}
	EndGlobalSection
EndGlobal
